// !$*UTF8*$!
{
	archiveVersion = 1;
	classes = {
	};
	objectVersion = 46;
	objects = {

/* Begin PBXBuildFile section */
		048274B8189F5B4A00878EC3 /* Foundation.framework in Frameworks */ = {isa = PBXBuildFile; fileRef = 048274B7189F5B4A00878EC3 /* Foundation.framework */; };
		048274BA189F5B4A00878EC3 /* CoreGraphics.framework in Frameworks */ = {isa = PBXBuildFile; fileRef = 048274B9189F5B4A00878EC3 /* CoreGraphics.framework */; };
		048274BC189F5B4A00878EC3 /* UIKit.framework in Frameworks */ = {isa = PBXBuildFile; fileRef = 048274BB189F5B4A00878EC3 /* UIKit.framework */; };
		048274C2189F5B4A00878EC3 /* InfoPlist.strings in Resources */ = {isa = PBXBuildFile; fileRef = 048274C0189F5B4A00878EC3 /* InfoPlist.strings */; };
		048274C4189F5B4A00878EC3 /* main.m in Sources */ = {isa = PBXBuildFile; fileRef = 048274C3189F5B4A00878EC3 /* main.m */; };
		048274C8189F5B4A00878EC3 /* AppDelegate.m in Sources */ = {isa = PBXBuildFile; fileRef = 048274C7189F5B4A00878EC3 /* AppDelegate.m */; };
		048274CB189F5B4A00878EC3 /* Main.storyboard in Resources */ = {isa = PBXBuildFile; fileRef = 048274C9189F5B4A00878EC3 /* Main.storyboard */; };
		048274CE189F5B4A00878EC3 /* ViewController.m in Sources */ = {isa = PBXBuildFile; fileRef = 048274CD189F5B4A00878EC3 /* ViewController.m */; };
		048274D0189F5B4A00878EC3 /* Images.xcassets in Resources */ = {isa = PBXBuildFile; fileRef = 048274CF189F5B4A00878EC3 /* Images.xcassets */; };
		048274D7189F5B4A00878EC3 /* XCTest.framework in Frameworks */ = {isa = PBXBuildFile; fileRef = 048274D6189F5B4A00878EC3 /* XCTest.framework */; };
		048274D8189F5B4A00878EC3 /* Foundation.framework in Frameworks */ = {isa = PBXBuildFile; fileRef = 048274B7189F5B4A00878EC3 /* Foundation.framework */; };
		048274D9189F5B4A00878EC3 /* UIKit.framework in Frameworks */ = {isa = PBXBuildFile; fileRef = 048274BB189F5B4A00878EC3 /* UIKit.framework */; };
		048274E1189F5B4A00878EC3 /* InfoPlist.strings in Resources */ = {isa = PBXBuildFile; fileRef = 048274DF189F5B4A00878EC3 /* InfoPlist.strings */; };
		048274E3189F5B4A00878EC3 /* CitySocializerTests.m in Sources */ = {isa = PBXBuildFile; fileRef = 048274E2189F5B4A00878EC3 /* CitySocializerTests.m */; };
		048274EF189F629E00878EC3 /* ChooseAccountViewController.m in Sources */ = {isa = PBXBuildFile; fileRef = 048274EE189F629E00878EC3 /* ChooseAccountViewController.m */; };
		048274F3189F62F200878EC3 /* RNBlurModalView.m in Sources */ = {isa = PBXBuildFile; fileRef = 048274F2189F62F200878EC3 /* RNBlurModalView.m */; };
		048274F6189F630D00878EC3 /* Accelerate.framework in Frameworks */ = {isa = PBXBuildFile; fileRef = 048274F5189F630D00878EC3 /* Accelerate.framework */; };
		048274F8189F631000878EC3 /* QuartzCore.framework in Frameworks */ = {isa = PBXBuildFile; fileRef = 048274F7189F631000878EC3 /* QuartzCore.framework */; };
		048274FA189F632500878EC3 /* Accounts.framework in Frameworks */ = {isa = PBXBuildFile; fileRef = 048274F9189F632500878EC3 /* Accounts.framework */; };
		048274FC189F64A500878EC3 /* header-img.png in Resources */ = {isa = PBXBuildFile; fileRef = 048274FB189F64A500878EC3 /* header-img.png */; };
		048274FF189F64B400878EC3 /* wait-back-img.png in Resources */ = {isa = PBXBuildFile; fileRef = 048274FD189F64B400878EC3 /* wait-back-img.png */; };
		04827500189F64B400878EC3 /* wait-back-img@2x.png in Resources */ = {isa = PBXBuildFile; fileRef = 048274FE189F64B400878EC3 /* wait-back-img@2x.png */; };
		04827505189F64F600878EC3 /* Circle.m in Sources */ = {isa = PBXBuildFile; fileRef = 04827502189F64F600878EC3 /* Circle.m */; };
		04827506189F64F600878EC3 /* ETActivityIndicatorView.m in Sources */ = {isa = PBXBuildFile; fileRef = 04827504189F64F600878EC3 /* ETActivityIndicatorView.m */; };
		04827509189F651400878EC3 /* twitter-logo.png in Resources */ = {isa = PBXBuildFile; fileRef = 04827507189F651400878EC3 /* twitter-logo.png */; };
		0482750A189F651400878EC3 /* twitter-logo@2x.png in Resources */ = {isa = PBXBuildFile; fileRef = 04827508189F651400878EC3 /* twitter-logo@2x.png */; };
		04827510189F6D5700878EC3 /* TWSignedRequest.m in Sources */ = {isa = PBXBuildFile; fileRef = 0482750D189F6D5700878EC3 /* TWSignedRequest.m */; };
		04827511189F6D5700878EC3 /* TWAPIManager.m in Sources */ = {isa = PBXBuildFile; fileRef = 0482750F189F6D5700878EC3 /* TWAPIManager.m */; };
		04827518189F6D6E00878EC3 /* NSData+Base64.m in Sources */ = {isa = PBXBuildFile; fileRef = 04827513189F6D6E00878EC3 /* NSData+Base64.m */; settings = {COMPILER_FLAGS = "-fno-objc-arc"; }; };
		04827519189F6D6E00878EC3 /* OAuth+Additions.m in Sources */ = {isa = PBXBuildFile; fileRef = 04827515189F6D6E00878EC3 /* OAuth+Additions.m */; settings = {COMPILER_FLAGS = "-fno-objc-arc"; }; };
		0482751A189F6D6E00878EC3 /* OAuthCore.m in Sources */ = {isa = PBXBuildFile; fileRef = 04827517189F6D6E00878EC3 /* OAuthCore.m */; settings = {COMPILER_FLAGS = "-fno-objc-arc"; }; };
		0482751D189F6E1A00878EC3 /* FollowOthersViewController.m in Sources */ = {isa = PBXBuildFile; fileRef = 0482751C189F6E1A00878EC3 /* FollowOthersViewController.m */; };
		0482751F189F708E00878EC3 /* footer-img.png in Resources */ = {isa = PBXBuildFile; fileRef = 0482751E189F708E00878EC3 /* footer-img.png */; };
		04827523189F717D00878EC3 /* AsyncImageView.m in Sources */ = {isa = PBXBuildFile; fileRef = 04827521189F717C00878EC3 /* AsyncImageView.m */; };
		04827525189F718E00878EC3 /* loading.png in Resources */ = {isa = PBXBuildFile; fileRef = 04827524189F718E00878EC3 /* loading.png */; };
		04827527189F748D00878EC3 /* Twitter.framework in Frameworks */ = {isa = PBXBuildFile; fileRef = 04827526189F748D00878EC3 /* Twitter.framework */; };
		04827529189F74AF00878EC3 /* Social.framework in Frameworks */ = {isa = PBXBuildFile; fileRef = 04827528189F74AF00878EC3 /* Social.framework */; };
		0482752C189F7F9000878EC3 /* frame-img@2x.png in Resources */ = {isa = PBXBuildFile; fileRef = 0482752A189F7F9000878EC3 /* frame-img@2x.png */; };
		0482752D189F7F9000878EC3 /* frame-img.png in Resources */ = {isa = PBXBuildFile; fileRef = 0482752B189F7F9000878EC3 /* frame-img.png */; };
/* End PBXBuildFile section */

/* Begin PBXContainerItemProxy section */
		048274DA189F5B4A00878EC3 /* PBXContainerItemProxy */ = {
			isa = PBXContainerItemProxy;
			containerPortal = 048274AC189F5B4A00878EC3 /* Project object */;
			proxyType = 1;
			remoteGlobalIDString = 048274B3189F5B4A00878EC3;
			remoteInfo = CitySocializer;
		};
/* End PBXContainerItemProxy section */

/* Begin PBXFileReference section */
		048274B4189F5B4A00878EC3 /* CitySocializer.app */ = {isa = PBXFileReference; explicitFileType = wrapper.application; includeInIndex = 0; path = CitySocializer.app; sourceTree = BUILT_PRODUCTS_DIR; };
		048274B7189F5B4A00878EC3 /* Foundation.framework */ = {isa = PBXFileReference; lastKnownFileType = wrapper.framework; name = Foundation.framework; path = System/Library/Frameworks/Foundation.framework; sourceTree = SDKROOT; };
		048274B9189F5B4A00878EC3 /* CoreGraphics.framework */ = {isa = PBXFileReference; lastKnownFileType = wrapper.framework; name = CoreGraphics.framework; path = System/Library/Frameworks/CoreGraphics.framework; sourceTree = SDKROOT; };
		048274BB189F5B4A00878EC3 /* UIKit.framework */ = {isa = PBXFileReference; lastKnownFileType = wrapper.framework; name = UIKit.framework; path = System/Library/Frameworks/UIKit.framework; sourceTree = SDKROOT; };
		048274BF189F5B4A00878EC3 /* CitySocializer-Info.plist */ = {isa = PBXFileReference; lastKnownFileType = text.plist.xml; path = "CitySocializer-Info.plist"; sourceTree = "<group>"; };
		048274C1189F5B4A00878EC3 /* en */ = {isa = PBXFileReference; lastKnownFileType = text.plist.strings; name = en; path = en.lproj/InfoPlist.strings; sourceTree = "<group>"; };
		048274C3189F5B4A00878EC3 /* main.m */ = {isa = PBXFileReference; lastKnownFileType = sourcecode.c.objc; path = main.m; sourceTree = "<group>"; };
		048274C5189F5B4A00878EC3 /* CitySocializer-Prefix.pch */ = {isa = PBXFileReference; lastKnownFileType = sourcecode.c.h; path = "CitySocializer-Prefix.pch"; sourceTree = "<group>"; };
		048274C6189F5B4A00878EC3 /* AppDelegate.h */ = {isa = PBXFileReference; lastKnownFileType = sourcecode.c.h; path = AppDelegate.h; sourceTree = "<group>"; };
		048274C7189F5B4A00878EC3 /* AppDelegate.m */ = {isa = PBXFileReference; lastKnownFileType = sourcecode.c.objc; path = AppDelegate.m; sourceTree = "<group>"; };
		048274CA189F5B4A00878EC3 /* Base */ = {isa = PBXFileReference; lastKnownFileType = file.storyboard; name = Base; path = Base.lproj/Main.storyboard; sourceTree = "<group>"; };
		048274CC189F5B4A00878EC3 /* ViewController.h */ = {isa = PBXFileReference; lastKnownFileType = sourcecode.c.h; path = ViewController.h; sourceTree = "<group>"; };
		048274CD189F5B4A00878EC3 /* ViewController.m */ = {isa = PBXFileReference; lastKnownFileType = sourcecode.c.objc; path = ViewController.m; sourceTree = "<group>"; };
		048274CF189F5B4A00878EC3 /* Images.xcassets */ = {isa = PBXFileReference; lastKnownFileType = folder.assetcatalog; path = Images.xcassets; sourceTree = "<group>"; };
		048274D5189F5B4A00878EC3 /* CitySocializerTests.xctest */ = {isa = PBXFileReference; explicitFileType = wrapper.cfbundle; includeInIndex = 0; path = CitySocializerTests.xctest; sourceTree = BUILT_PRODUCTS_DIR; };
		048274D6189F5B4A00878EC3 /* XCTest.framework */ = {isa = PBXFileReference; lastKnownFileType = wrapper.framework; name = XCTest.framework; path = Library/Frameworks/XCTest.framework; sourceTree = DEVELOPER_DIR; };
		048274DE189F5B4A00878EC3 /* CitySocializerTests-Info.plist */ = {isa = PBXFileReference; lastKnownFileType = text.plist.xml; path = "CitySocializerTests-Info.plist"; sourceTree = "<group>"; };
		048274E0189F5B4A00878EC3 /* en */ = {isa = PBXFileReference; lastKnownFileType = text.plist.strings; name = en; path = en.lproj/InfoPlist.strings; sourceTree = "<group>"; };
		048274E2189F5B4A00878EC3 /* CitySocializerTests.m */ = {isa = PBXFileReference; lastKnownFileType = sourcecode.c.objc; path = CitySocializerTests.m; sourceTree = "<group>"; };
		048274ED189F629E00878EC3 /* ChooseAccountViewController.h */ = {isa = PBXFileReference; fileEncoding = 4; lastKnownFileType = sourcecode.c.h; path = ChooseAccountViewController.h; sourceTree = "<group>"; };
		048274EE189F629E00878EC3 /* ChooseAccountViewController.m */ = {isa = PBXFileReference; fileEncoding = 4; lastKnownFileType = sourcecode.c.objc; path = ChooseAccountViewController.m; sourceTree = "<group>"; };
		048274F1189F62F200878EC3 /* RNBlurModalView.h */ = {isa = PBXFileReference; fileEncoding = 4; lastKnownFileType = sourcecode.c.h; path = RNBlurModalView.h; sourceTree = "<group>"; };
		048274F2189F62F200878EC3 /* RNBlurModalView.m */ = {isa = PBXFileReference; fileEncoding = 4; lastKnownFileType = sourcecode.c.objc; path = RNBlurModalView.m; sourceTree = "<group>"; };
		048274F5189F630D00878EC3 /* Accelerate.framework */ = {isa = PBXFileReference; lastKnownFileType = wrapper.framework; name = Accelerate.framework; path = System/Library/Frameworks/Accelerate.framework; sourceTree = SDKROOT; };
		048274F7189F631000878EC3 /* QuartzCore.framework */ = {isa = PBXFileReference; lastKnownFileType = wrapper.framework; name = QuartzCore.framework; path = System/Library/Frameworks/QuartzCore.framework; sourceTree = SDKROOT; };
		048274F9189F632500878EC3 /* Accounts.framework */ = {isa = PBXFileReference; lastKnownFileType = wrapper.framework; name = Accounts.framework; path = System/Library/Frameworks/Accounts.framework; sourceTree = SDKROOT; };
		048274FB189F64A500878EC3 /* header-img.png */ = {isa = PBXFileReference; lastKnownFileType = image.png; path = "header-img.png"; sourceTree = "<group>"; };
		048274FD189F64B400878EC3 /* wait-back-img.png */ = {isa = PBXFileReference; lastKnownFileType = image.png; path = "wait-back-img.png"; sourceTree = "<group>"; };
		048274FE189F64B400878EC3 /* wait-back-img@2x.png */ = {isa = PBXFileReference; lastKnownFileType = image.png; path = "wait-back-img@2x.png"; sourceTree = "<group>"; };
		04827501189F64F600878EC3 /* Circle.h */ = {isa = PBXFileReference; fileEncoding = 4; lastKnownFileType = sourcecode.c.h; path = Circle.h; sourceTree = "<group>"; };
		04827502189F64F600878EC3 /* Circle.m */ = {isa = PBXFileReference; fileEncoding = 4; lastKnownFileType = sourcecode.c.objc; path = Circle.m; sourceTree = "<group>"; };
		04827503189F64F600878EC3 /* ETActivityIndicatorView.h */ = {isa = PBXFileReference; fileEncoding = 4; lastKnownFileType = sourcecode.c.h; path = ETActivityIndicatorView.h; sourceTree = "<group>"; };
		04827504189F64F600878EC3 /* ETActivityIndicatorView.m */ = {isa = PBXFileReference; fileEncoding = 4; lastKnownFileType = sourcecode.c.objc; path = ETActivityIndicatorView.m; sourceTree = "<group>"; };
		04827507189F651400878EC3 /* twitter-logo.png */ = {isa = PBXFileReference; lastKnownFileType = image.png; path = "twitter-logo.png"; sourceTree = "<group>"; };
		04827508189F651400878EC3 /* twitter-logo@2x.png */ = {isa = PBXFileReference; lastKnownFileType = image.png; path = "twitter-logo@2x.png"; sourceTree = "<group>"; };
		0482750C189F6D5700878EC3 /* TWSignedRequest.h */ = {isa = PBXFileReference; fileEncoding = 4; lastKnownFileType = sourcecode.c.h; path = TWSignedRequest.h; sourceTree = "<group>"; };
		0482750D189F6D5700878EC3 /* TWSignedRequest.m */ = {isa = PBXFileReference; fileEncoding = 4; lastKnownFileType = sourcecode.c.objc; path = TWSignedRequest.m; sourceTree = "<group>"; };
		0482750E189F6D5700878EC3 /* TWAPIManager.h */ = {isa = PBXFileReference; fileEncoding = 4; lastKnownFileType = sourcecode.c.h; path = TWAPIManager.h; sourceTree = "<group>"; };
		0482750F189F6D5700878EC3 /* TWAPIManager.m */ = {isa = PBXFileReference; fileEncoding = 4; lastKnownFileType = sourcecode.c.objc; path = TWAPIManager.m; sourceTree = "<group>"; };
		04827512189F6D6E00878EC3 /* NSData+Base64.h */ = {isa = PBXFileReference; fileEncoding = 4; lastKnownFileType = sourcecode.c.h; path = "NSData+Base64.h"; sourceTree = "<group>"; };
		04827513189F6D6E00878EC3 /* NSData+Base64.m */ = {isa = PBXFileReference; fileEncoding = 4; lastKnownFileType = sourcecode.c.objc; path = "NSData+Base64.m"; sourceTree = "<group>"; };
		04827514189F6D6E00878EC3 /* OAuth+Additions.h */ = {isa = PBXFileReference; fileEncoding = 4; lastKnownFileType = sourcecode.c.h; path = "OAuth+Additions.h"; sourceTree = "<group>"; };
		04827515189F6D6E00878EC3 /* OAuth+Additions.m */ = {isa = PBXFileReference; fileEncoding = 4; lastKnownFileType = sourcecode.c.objc; path = "OAuth+Additions.m"; sourceTree = "<group>"; };
		04827516189F6D6E00878EC3 /* OAuthCore.h */ = {isa = PBXFileReference; fileEncoding = 4; lastKnownFileType = sourcecode.c.h; path = OAuthCore.h; sourceTree = "<group>"; };
		04827517189F6D6E00878EC3 /* OAuthCore.m */ = {isa = PBXFileReference; fileEncoding = 4; lastKnownFileType = sourcecode.c.objc; path = OAuthCore.m; sourceTree = "<group>"; };
		0482751B189F6E1A00878EC3 /* FollowOthersViewController.h */ = {isa = PBXFileReference; fileEncoding = 4; lastKnownFileType = sourcecode.c.h; path = FollowOthersViewController.h; sourceTree = "<group>"; };
		0482751C189F6E1A00878EC3 /* FollowOthersViewController.m */ = {isa = PBXFileReference; fileEncoding = 4; lastKnownFileType = sourcecode.c.objc; path = FollowOthersViewController.m; sourceTree = "<group>"; };
		0482751E189F708E00878EC3 /* footer-img.png */ = {isa = PBXFileReference; lastKnownFileType = image.png; path = "footer-img.png"; sourceTree = "<group>"; };
		04827521189F717C00878EC3 /* AsyncImageView.m */ = {isa = PBXFileReference; fileEncoding = 4; lastKnownFileType = sourcecode.c.objc; path = AsyncImageView.m; sourceTree = "<group>"; };
		04827522189F717D00878EC3 /* AsyncImageView.h */ = {isa = PBXFileReference; fileEncoding = 4; lastKnownFileType = sourcecode.c.h; path = AsyncImageView.h; sourceTree = "<group>"; };
		04827524189F718E00878EC3 /* loading.png */ = {isa = PBXFileReference; lastKnownFileType = image.png; path = loading.png; sourceTree = "<group>"; };
		04827526189F748D00878EC3 /* Twitter.framework */ = {isa = PBXFileReference; lastKnownFileType = wrapper.framework; name = Twitter.framework; path = System/Library/Frameworks/Twitter.framework; sourceTree = SDKROOT; };
		04827528189F74AF00878EC3 /* Social.framework */ = {isa = PBXFileReference; lastKnownFileType = wrapper.framework; name = Social.framework; path = System/Library/Frameworks/Social.framework; sourceTree = SDKROOT; };
		0482752A189F7F9000878EC3 /* frame-img@2x.png */ = {isa = PBXFileReference; lastKnownFileType = image.png; path = "frame-img@2x.png"; sourceTree = "<group>"; };
		0482752B189F7F9000878EC3 /* frame-img.png */ = {isa = PBXFileReference; lastKnownFileType = image.png; path = "frame-img.png"; sourceTree = "<group>"; };
/* End PBXFileReference section */

/* Begin PBXFrameworksBuildPhase section */
		048274B1189F5B4A00878EC3 /* Frameworks */ = {
			isa = PBXFrameworksBuildPhase;
			buildActionMask = 2147483647;
			files = (
				04827529189F74AF00878EC3 /* Social.framework in Frameworks */,
				04827527189F748D00878EC3 /* Twitter.framework in Frameworks */,
				048274FA189F632500878EC3 /* Accounts.framework in Frameworks */,
				048274F8189F631000878EC3 /* QuartzCore.framework in Frameworks */,
				048274F6189F630D00878EC3 /* Accelerate.framework in Frameworks */,
				048274BA189F5B4A00878EC3 /* CoreGraphics.framework in Frameworks */,
				048274BC189F5B4A00878EC3 /* UIKit.framework in Frameworks */,
				048274B8189F5B4A00878EC3 /* Foundation.framework in Frameworks */,
			);
			runOnlyForDeploymentPostprocessing = 0;
		};
		048274D2189F5B4A00878EC3 /* Frameworks */ = {
			isa = PBXFrameworksBuildPhase;
			buildActionMask = 2147483647;
			files = (
				048274D7189F5B4A00878EC3 /* XCTest.framework in Frameworks */,
				048274D9189F5B4A00878EC3 /* UIKit.framework in Frameworks */,
				048274D8189F5B4A00878EC3 /* Foundation.framework in Frameworks */,
			);
			runOnlyForDeploymentPostprocessing = 0;
		};
/* End PBXFrameworksBuildPhase section */

/* Begin PBXGroup section */
		048274AB189F5B4A00878EC3 = {
			isa = PBXGroup;
			children = (
				048274BD189F5B4A00878EC3 /* CitySocializer */,
				048274DC189F5B4A00878EC3 /* CitySocializerTests */,
				048274B6189F5B4A00878EC3 /* Frameworks */,
				048274B5189F5B4A00878EC3 /* Products */,
			);
			sourceTree = "<group>";
		};
		048274B5189F5B4A00878EC3 /* Products */ = {
			isa = PBXGroup;
			children = (
				048274B4189F5B4A00878EC3 /* CitySocializer.app */,
				048274D5189F5B4A00878EC3 /* CitySocializerTests.xctest */,
			);
			name = Products;
			sourceTree = "<group>";
		};
		048274B6189F5B4A00878EC3 /* Frameworks */ = {
			isa = PBXGroup;
			children = (
				04827528189F74AF00878EC3 /* Social.framework */,
				04827526189F748D00878EC3 /* Twitter.framework */,
				048274F9189F632500878EC3 /* Accounts.framework */,
				048274F7189F631000878EC3 /* QuartzCore.framework */,
				048274F5189F630D00878EC3 /* Accelerate.framework */,
				048274B7189F5B4A00878EC3 /* Foundation.framework */,
				048274B9189F5B4A00878EC3 /* CoreGraphics.framework */,
				048274BB189F5B4A00878EC3 /* UIKit.framework */,
				048274D6189F5B4A00878EC3 /* XCTest.framework */,
			);
			name = Frameworks;
			sourceTree = "<group>";
		};
		048274BD189F5B4A00878EC3 /* CitySocializer */ = {
			isa = PBXGroup;
			children = (
				048274F0189F62D700878EC3 /* Utils */,
				048274EC189F628E00878EC3 /* FollowingSection */,
				048274C6189F5B4A00878EC3 /* AppDelegate.h */,
				048274C7189F5B4A00878EC3 /* AppDelegate.m */,
				048274C9189F5B4A00878EC3 /* Main.storyboard */,
				048274CC189F5B4A00878EC3 /* ViewController.h */,
				048274CD189F5B4A00878EC3 /* ViewController.m */,
				048274CF189F5B4A00878EC3 /* Images.xcassets */,
				048274BE189F5B4A00878EC3 /* Supporting Files */,
			);
			path = CitySocializer;
			sourceTree = "<group>";
		};
		048274BE189F5B4A00878EC3 /* Supporting Files */ = {
			isa = PBXGroup;
			children = (
				0482752A189F7F9000878EC3 /* frame-img@2x.png */,
				0482752B189F7F9000878EC3 /* frame-img.png */,
				0482751E189F708E00878EC3 /* footer-img.png */,
				04827507189F651400878EC3 /* twitter-logo.png */,
				04827508189F651400878EC3 /* twitter-logo@2x.png */,
				048274FD189F64B400878EC3 /* wait-back-img.png */,
				048274FE189F64B400878EC3 /* wait-back-img@2x.png */,
				048274FB189F64A500878EC3 /* header-img.png */,
				048274BF189F5B4A00878EC3 /* CitySocializer-Info.plist */,
				048274C0189F5B4A00878EC3 /* InfoPlist.strings */,
				048274C3189F5B4A00878EC3 /* main.m */,
				048274C5189F5B4A00878EC3 /* CitySocializer-Prefix.pch */,
			);
			name = "Supporting Files";
			sourceTree = "<group>";
		};
		048274DC189F5B4A00878EC3 /* CitySocializerTests */ = {
			isa = PBXGroup;
			children = (
				048274E2189F5B4A00878EC3 /* CitySocializerTests.m */,
				048274DD189F5B4A00878EC3 /* Supporting Files */,
			);
			path = CitySocializerTests;
			sourceTree = "<group>";
		};
		048274DD189F5B4A00878EC3 /* Supporting Files */ = {
			isa = PBXGroup;
			children = (
				048274DE189F5B4A00878EC3 /* CitySocializerTests-Info.plist */,
				048274DF189F5B4A00878EC3 /* InfoPlist.strings */,
			);
			name = "Supporting Files";
			sourceTree = "<group>";
		};
		048274EC189F628E00878EC3 /* FollowingSection */ = {
			isa = PBXGroup;
			children = (
				048274ED189F629E00878EC3 /* ChooseAccountViewController.h */,
				048274EE189F629E00878EC3 /* ChooseAccountViewController.m */,
				0482751B189F6E1A00878EC3 /* FollowOthersViewController.h */,
				0482751C189F6E1A00878EC3 /* FollowOthersViewController.m */,
			);
			name = FollowingSection;
			sourceTree = "<group>";
		};
		048274F0189F62D700878EC3 /* Utils */ = {
			isa = PBXGroup;
			children = (
				04827520189F715700878EC3 /* Async Loading Images */,
				0482750B189F6D3B00878EC3 /* Reverse OAuth */,
				048274F4189F62F800878EC3 /* Loading VIew */,
			);
			name = Utils;
			sourceTree = "<group>";
		};
		048274F4189F62F800878EC3 /* Loading VIew */ = {
			isa = PBXGroup;
			children = (
				048274F1189F62F200878EC3 /* RNBlurModalView.h */,
				048274F2189F62F200878EC3 /* RNBlurModalView.m */,
				04827501189F64F600878EC3 /* Circle.h */,
				04827502189F64F600878EC3 /* Circle.m */,
				04827503189F64F600878EC3 /* ETActivityIndicatorView.h */,
				04827504189F64F600878EC3 /* ETActivityIndicatorView.m */,
			);
			name = "Loading VIew";
			sourceTree = "<group>";
		};
		0482750B189F6D3B00878EC3 /* Reverse OAuth */ = {
			isa = PBXGroup;
			children = (
				0482750C189F6D5700878EC3 /* TWSignedRequest.h */,
				0482750D189F6D5700878EC3 /* TWSignedRequest.m */,
				0482750E189F6D5700878EC3 /* TWAPIManager.h */,
				0482750F189F6D5700878EC3 /* TWAPIManager.m */,
				04827512189F6D6E00878EC3 /* NSData+Base64.h */,
				04827513189F6D6E00878EC3 /* NSData+Base64.m */,
				04827514189F6D6E00878EC3 /* OAuth+Additions.h */,
				04827515189F6D6E00878EC3 /* OAuth+Additions.m */,
				04827516189F6D6E00878EC3 /* OAuthCore.h */,
				04827517189F6D6E00878EC3 /* OAuthCore.m */,
			);
			name = "Reverse OAuth";
			sourceTree = "<group>";
		};
		04827520189F715700878EC3 /* Async Loading Images */ = {
			isa = PBXGroup;
			children = (
				04827524189F718E00878EC3 /* loading.png */,
				04827521189F717C00878EC3 /* AsyncImageView.m */,
				04827522189F717D00878EC3 /* AsyncImageView.h */,
			);
			name = "Async Loading Images";
			sourceTree = "<group>";
		};
/* End PBXGroup section */

/* Begin PBXNativeTarget section */
		048274B3189F5B4A00878EC3 /* CitySocializer */ = {
			isa = PBXNativeTarget;
			buildConfigurationList = 048274E6189F5B4A00878EC3 /* Build configuration list for PBXNativeTarget "CitySocializer" */;
			buildPhases = (
				048274B0189F5B4A00878EC3 /* Sources */,
				048274B1189F5B4A00878EC3 /* Frameworks */,
				048274B2189F5B4A00878EC3 /* Resources */,
			);
			buildRules = (
			);
			dependencies = (
			);
			name = CitySocializer;
			productName = CitySocializer;
			productReference = 048274B4189F5B4A00878EC3 /* CitySocializer.app */;
			productType = "com.apple.product-type.application";
		};
		048274D4189F5B4A00878EC3 /* CitySocializerTests */ = {
			isa = PBXNativeTarget;
			buildConfigurationList = 048274E9189F5B4A00878EC3 /* Build configuration list for PBXNativeTarget "CitySocializerTests" */;
			buildPhases = (
				048274D1189F5B4A00878EC3 /* Sources */,
				048274D2189F5B4A00878EC3 /* Frameworks */,
				048274D3189F5B4A00878EC3 /* Resources */,
			);
			buildRules = (
			);
			dependencies = (
				048274DB189F5B4A00878EC3 /* PBXTargetDependency */,
			);
			name = CitySocializerTests;
			productName = CitySocializerTests;
			productReference = 048274D5189F5B4A00878EC3 /* CitySocializerTests.xctest */;
			productType = "com.apple.product-type.bundle.unit-test";
		};
/* End PBXNativeTarget section */

/* Begin PBXProject section */
		048274AC189F5B4A00878EC3 /* Project object */ = {
			isa = PBXProject;
			attributes = {
				LastUpgradeCheck = 0500;
				ORGANIZATIONNAME = OsamaMac;
				TargetAttributes = {
					048274D4189F5B4A00878EC3 = {
						TestTargetID = 048274B3189F5B4A00878EC3;
					};
				};
			};
			buildConfigurationList = 048274AF189F5B4A00878EC3 /* Build configuration list for PBXProject "CitySocializer" */;
			compatibilityVersion = "Xcode 3.2";
			developmentRegion = English;
			hasScannedForEncodings = 0;
			knownRegions = (
				en,
				Base,
			);
			mainGroup = 048274AB189F5B4A00878EC3;
			productRefGroup = 048274B5189F5B4A00878EC3 /* Products */;
			projectDirPath = "";
			projectRoot = "";
			targets = (
				048274B3189F5B4A00878EC3 /* CitySocializer */,
				048274D4189F5B4A00878EC3 /* CitySocializerTests */,
			);
		};
/* End PBXProject section */

/* Begin PBXResourcesBuildPhase section */
		048274B2189F5B4A00878EC3 /* Resources */ = {
			isa = PBXResourcesBuildPhase;
			buildActionMask = 2147483647;
			files = (
				04827525189F718E00878EC3 /* loading.png in Resources */,
				0482752D189F7F9000878EC3 /* frame-img.png in Resources */,
				04827509189F651400878EC3 /* twitter-logo.png in Resources */,
				0482751F189F708E00878EC3 /* footer-img.png in Resources */,
				0482750A189F651400878EC3 /* twitter-logo@2x.png in Resources */,
				04827500189F64B400878EC3 /* wait-back-img@2x.png in Resources */,
				048274FC189F64A500878EC3 /* header-img.png in Resources */,
				048274D0189F5B4A00878EC3 /* Images.xcassets in Resources */,
				048274FF189F64B400878EC3 /* wait-back-img.png in Resources */,
				0482752C189F7F9000878EC3 /* frame-img@2x.png in Resources */,
				048274C2189F5B4A00878EC3 /* InfoPlist.strings in Resources */,
				048274CB189F5B4A00878EC3 /* Main.storyboard in Resources */,
			);
			runOnlyForDeploymentPostprocessing = 0;
		};
		048274D3189F5B4A00878EC3 /* Resources */ = {
			isa = PBXResourcesBuildPhase;
			buildActionMask = 2147483647;
			files = (
				048274E1189F5B4A00878EC3 /* InfoPlist.strings in Resources */,
			);
			runOnlyForDeploymentPostprocessing = 0;
		};
/* End PBXResourcesBuildPhase section */

/* Begin PBXSourcesBuildPhase section */
		048274B0189F5B4A00878EC3 /* Sources */ = {
			isa = PBXSourcesBuildPhase;
			buildActionMask = 2147483647;
			files = (
				0482751A189F6D6E00878EC3 /* OAuthCore.m in Sources */,
				04827519189F6D6E00878EC3 /* OAuth+Additions.m in Sources */,
				04827506189F64F600878EC3 /* ETActivityIndicatorView.m in Sources */,
				048274CE189F5B4A00878EC3 /* ViewController.m in Sources */,
				04827510189F6D5700878EC3 /* TWSignedRequest.m in Sources */,
				04827511189F6D5700878EC3 /* TWAPIManager.m in Sources */,
				048274EF189F629E00878EC3 /* ChooseAccountViewController.m in Sources */,
				048274F3189F62F200878EC3 /* RNBlurModalView.m in Sources */,
				04827505189F64F600878EC3 /* Circle.m in Sources */,
				04827518189F6D6E00878EC3 /* NSData+Base64.m in Sources */,
				048274C8189F5B4A00878EC3 /* AppDelegate.m in Sources */,
				048274C4189F5B4A00878EC3 /* main.m in Sources */,
				0482751D189F6E1A00878EC3 /* FollowOthersViewController.m in Sources */,
				04827523189F717D00878EC3 /* AsyncImageView.m in Sources */,
			);
			runOnlyForDeploymentPostprocessing = 0;
		};
		048274D1189F5B4A00878EC3 /* Sources */ = {
			isa = PBXSourcesBuildPhase;
			buildActionMask = 2147483647;
			files = (
				048274E3189F5B4A00878EC3 /* CitySocializerTests.m in Sources */,
			);
			runOnlyForDeploymentPostprocessing = 0;
		};
/* End PBXSourcesBuildPhase section */

/* Begin PBXTargetDependency section */
		048274DB189F5B4A00878EC3 /* PBXTargetDependency */ = {
			isa = PBXTargetDependency;
			target = 048274B3189F5B4A00878EC3 /* CitySocializer */;
			targetProxy = 048274DA189F5B4A00878EC3 /* PBXContainerItemProxy */;
		};
/* End PBXTargetDependency section */

/* Begin PBXVariantGroup section */
		048274C0189F5B4A00878EC3 /* InfoPlist.strings */ = {
			isa = PBXVariantGroup;
			children = (
				048274C1189F5B4A00878EC3 /* en */,
			);
			name = InfoPlist.strings;
			sourceTree = "<group>";
		};
		048274C9189F5B4A00878EC3 /* Main.storyboard */ = {
			isa = PBXVariantGroup;
			children = (
				048274CA189F5B4A00878EC3 /* Base */,
			);
			name = Main.storyboard;
			sourceTree = "<group>";
		};
		048274DF189F5B4A00878EC3 /* InfoPlist.strings */ = {
			isa = PBXVariantGroup;
			children = (
				048274E0189F5B4A00878EC3 /* en */,
			);
			name = InfoPlist.strings;
			sourceTree = "<group>";
		};
/* End PBXVariantGroup section */

/* Begin XCBuildConfiguration section */
		048274E4189F5B4A00878EC3 /* Debug */ = {
			isa = XCBuildConfiguration;
			buildSettings = {
				ALWAYS_SEARCH_USER_PATHS = NO;
				ARCHS = "$(ARCHS_STANDARD_INCLUDING_64_BIT)";
				CLANG_CXX_LANGUAGE_STANDARD = "gnu++0x";
				CLANG_CXX_LIBRARY = "libc++";
				CLANG_ENABLE_MODULES = YES;
				CLANG_ENABLE_OBJC_ARC = YES;
				CLANG_WARN_BOOL_CONVERSION = YES;
				CLANG_WARN_CONSTANT_CONVERSION = YES;
				CLANG_WARN_DIRECT_OBJC_ISA_USAGE = YES_ERROR;
				CLANG_WARN_EMPTY_BODY = YES;
				CLANG_WARN_ENUM_CONVERSION = YES;
				CLANG_WARN_INT_CONVERSION = YES;
				CLANG_WARN_OBJC_ROOT_CLASS = YES_ERROR;
				CLANG_WARN__DUPLICATE_METHOD_MATCH = YES;
				"CODE_SIGN_IDENTITY[sdk=iphoneos*]" = "iPhone Developer";
				COPY_PHASE_STRIP = NO;
				GCC_C_LANGUAGE_STANDARD = gnu99;
				GCC_DYNAMIC_NO_PIC = NO;
				GCC_OPTIMIZATION_LEVEL = 0;
				GCC_PREPROCESSOR_DEFINITIONS = (
					"DEBUG=1",
					"$(inherited)",
				);
				GCC_SYMBOLS_PRIVATE_EXTERN = NO;
				GCC_WARN_64_TO_32_BIT_CONVERSION = YES;
				GCC_WARN_ABOUT_RETURN_TYPE = YES_ERROR;
				GCC_WARN_UNDECLARED_SELECTOR = YES;
				GCC_WARN_UNINITIALIZED_AUTOS = YES;
				GCC_WARN_UNUSED_FUNCTION = YES;
				GCC_WARN_UNUSED_VARIABLE = YES;
				IPHONEOS_DEPLOYMENT_TARGET = 6.0;
				ONLY_ACTIVE_ARCH = YES;
				SDKROOT = iphoneos;
			};
			name = Debug;
		};
		048274E5189F5B4A00878EC3 /* Release */ = {
			isa = XCBuildConfiguration;
			buildSettings = {
				ALWAYS_SEARCH_USER_PATHS = NO;
				ARCHS = "$(ARCHS_STANDARD_INCLUDING_64_BIT)";
				CLANG_CXX_LANGUAGE_STANDARD = "gnu++0x";
				CLANG_CXX_LIBRARY = "libc++";
				CLANG_ENABLE_MODULES = YES;
				CLANG_ENABLE_OBJC_ARC = YES;
				CLANG_WARN_BOOL_CONVERSION = YES;
				CLANG_WARN_CONSTANT_CONVERSION = YES;
				CLANG_WARN_DIRECT_OBJC_ISA_USAGE = YES_ERROR;
				CLANG_WARN_EMPTY_BODY = YES;
				CLANG_WARN_ENUM_CONVERSION = YES;
				CLANG_WARN_INT_CONVERSION = YES;
				CLANG_WARN_OBJC_ROOT_CLASS = YES_ERROR;
				CLANG_WARN__DUPLICATE_METHOD_MATCH = YES;
				"CODE_SIGN_IDENTITY[sdk=iphoneos*]" = "iPhone Developer";
				COPY_PHASE_STRIP = YES;
				ENABLE_NS_ASSERTIONS = NO;
				GCC_C_LANGUAGE_STANDARD = gnu99;
				GCC_WARN_64_TO_32_BIT_CONVERSION = YES;
				GCC_WARN_ABOUT_RETURN_TYPE = YES_ERROR;
				GCC_WARN_UNDECLARED_SELECTOR = YES;
				GCC_WARN_UNINITIALIZED_AUTOS = YES;
				GCC_WARN_UNUSED_FUNCTION = YES;
				GCC_WARN_UNUSED_VARIABLE = YES;
				IPHONEOS_DEPLOYMENT_TARGET = 6.0;
				SDKROOT = iphoneos;
				VALIDATE_PRODUCT = YES;
			};
			name = Release;
		};
		048274E7189F5B4A00878EC3 /* Debug */ = {
			isa = XCBuildConfiguration;
			buildSettings = {
				ASSETCATALOG_COMPILER_APPICON_NAME = AppIcon;
				ASSETCATALOG_COMPILER_LAUNCHIMAGE_NAME = LaunchImage;
				GCC_PRECOMPILE_PREFIX_HEADER = YES;
				GCC_PREFIX_HEADER = "CitySocializer/CitySocializer-Prefix.pch";
				INFOPLIST_FILE = "CitySocializer/CitySocializer-Info.plist";
				PRODUCT_NAME = "$(TARGET_NAME)";
				WRAPPER_EXTENSION = app;
			};
			name = Debug;
		};
		048274E8189F5B4A00878EC3 /* Release */ = {
			isa = XCBuildConfiguration;
			buildSettings = {
				ASSETCATALOG_COMPILER_APPICON_NAME = AppIcon;
				ASSETCATALOG_COMPILER_LAUNCHIMAGE_NAME = LaunchImage;
				GCC_PRECOMPILE_PREFIX_HEADER = YES;
				GCC_PREFIX_HEADER = "CitySocializer/CitySocializer-Prefix.pch";
				INFOPLIST_FILE = "CitySocializer/CitySocializer-Info.plist";
				PRODUCT_NAME = "$(TARGET_NAME)";
				WRAPPER_EXTENSION = app;
			};
			name = Release;
		};
		048274EA189F5B4A00878EC3 /* Debug */ = {
			isa = XCBuildConfiguration;
			buildSettings = {
				ARCHS = "$(ARCHS_STANDARD_INCLUDING_64_BIT)";
				BUNDLE_LOADER = "$(BUILT_PRODUCTS_DIR)/CitySocializer.app/CitySocializer";
				FRAMEWORK_SEARCH_PATHS = (
					"$(SDKROOT)/Developer/Library/Frameworks",
					"$(inherited)",
					"$(DEVELOPER_FRAMEWORKS_DIR)",
				);
				GCC_PRECOMPILE_PREFIX_HEADER = YES;
				GCC_PREFIX_HEADER = "CitySocializer/CitySocializer-Prefix.pch";
				GCC_PREPROCESSOR_DEFINITIONS = (
					"DEBUG=1",
					"$(inherited)",
				);
				INFOPLIST_FILE = "CitySocializerTests/CitySocializerTests-Info.plist";
				PRODUCT_NAME = "$(TARGET_NAME)";
				TEST_HOST = "$(BUNDLE_LOADER)";
				WRAPPER_EXTENSION = xctest;
			};
			name = Debug;
		};
		048274EB189F5B4A00878EC3 /* Release */ = {
			isa = XCBuildConfiguration;
			buildSettings = {
				ARCHS = "$(ARCHS_STANDARD_INCLUDING_64_BIT)";
				BUNDLE_LOADER = "$(BUILT_PRODUCTS_DIR)/CitySocializer.app/CitySocializer";
				FRAMEWORK_SEARCH_PATHS = (
					"$(SDKROOT)/Developer/Library/Frameworks",
					"$(inherited)",
					"$(DEVELOPER_FRAMEWORKS_DIR)",
				);
				GCC_PRECOMPILE_PREFIX_HEADER = YES;
				GCC_PREFIX_HEADER = "CitySocializer/CitySocializer-Prefix.pch";
				INFOPLIST_FILE = "CitySocializerTests/CitySocializerTests-Info.plist";
				PRODUCT_NAME = "$(TARGET_NAME)";
				TEST_HOST = "$(BUNDLE_LOADER)";
				WRAPPER_EXTENSION = xctest;
			};
			name = Release;
		};
/* End XCBuildConfiguration section */

/* Begin XCConfigurationList section */
		048274AF189F5B4A00878EC3 /* Build configuration list for PBXProject "CitySocializer" */ = {
			isa = XCConfigurationList;
			buildConfigurations = (
				048274E4189F5B4A00878EC3 /* Debug */,
				048274E5189F5B4A00878EC3 /* Release */,
			);
			defaultConfigurationIsVisible = 0;
			defaultConfigurationName = Release;
		};
		048274E6189F5B4A00878EC3 /* Build configuration list for PBXNativeTarget "CitySocializer" */ = {
			isa = XCConfigurationList;
			buildConfigurations = (
				048274E7189F5B4A00878EC3 /* Debug */,
				048274E8189F5B4A00878EC3 /* Release */,
			);
			defaultConfigurationIsVisible = 0;
		};
		048274E9189F5B4A00878EC3 /* Build configuration list for PBXNativeTarget "CitySocializerTests" */ = {
			isa = XCConfigurationList;
			buildConfigurations = (
				048274EA189F5B4A00878EC3 /* Debug */,
				048274EB189F5B4A00878EC3 /* Release */,
			);
			defaultConfigurationIsVisible = 0;
		};
/* End XCConfigurationList section */
	};
	rootObject = 048274AC189F5B4A00878EC3 /* Project object */;
}
